
Microsoft Visual Studio Solution File, Format Version 12.00
# Visual Studio Version 17
VisualStudioVersion = 17.9.34622.214
MinimumVisualStudioVersion = 10.0.40219.1
Project("{FAE04EC0-301F-11D3-BF4B-00C04F79EFBC}") = "Comics Gestion", "Comics Gestion\Comics Gestion.csproj", "{4E77F1D8-9BB2-4B13-BD3A-210958D01A03}"
EndProject
Global
	GlobalSection(SolutionConfigurationPlatforms) = preSolution
		Debug|Any CPU = Debug|Any CPU
		Release|Any CPU = Release|Any CPU
	EndGlobalSection
	GlobalSection(ProjectConfigurationPlatforms) = postSolution
		{4E77F1D8-9BB2-4B13-BD3A-210958D01A03}.Debug|Any CPU.ActiveCfg = Debug|Any CPU
		{4E77F1D8-9BB2-4B13-BD3A-210958D01A03}.Debug|Any CPU.Build.0 = Debug|Any CPU
		{4E77F1D8-9BB2-4B13-BD3A-210958D01A03}.Release|Any CPU.ActiveCfg = Release|Any CPU
		{4E77F1D8-9BB2-4B13-BD3A-210958D01A03}.Release|Any CPU.Build.0 = Release|Any CPU
	EndGlobalSection
	GlobalSection(SolutionProperties) = preSolution
		HideSolutionNode = FALSE
	EndGlobalSection
	GlobalSection(ExtensibilityGlobals) = postSolution
		SolutionGuid = {2D7FE354-85A9-4614-9B6D-BD9B3502E6F9}
	EndGlobalSection
EndGlobal
